
Microsoft Visual Studio Solution File, Format Version 12.00
# Visual Studio Version 16
VisualStudioVersion = 16.0.30204.135
MinimumVisualStudioVersion = 10.0.40219.1
Project("{FAE04EC0-301F-11D3-BF4B-00C04F79EFBC}") = "Hanyang.Android", "Hanyang\Hanyang.Android\Hanyang.Android.csproj", "{E07040C5-7E0C-4FA9-B5D3-9108D54092F4}"
EndProject
Project("{FAE04EC0-301F-11D3-BF4B-00C04F79EFBC}") = "Hanyang.iOS", "Hanyang\Hanyang.iOS\Hanyang.iOS.csproj", "{6C398536-BEA0-46FF-A111-E3740C22D44D}"
EndProject
Project("{9A19103F-16F7-4668-BE54-9A1E7A4F7556}") = "Hanyang", "Hanyang\Hanyang\Hanyang.csproj", "{20ACCA98-D93E-437F-A5CA-5F960332BE62}"
EndProject
Project("{9A19103F-16F7-4668-BE54-9A1E7A4F7556}") = "WebServer", "WebServer\WebServer.csproj", "{ADBA0C07-547F-4212-8A66-84D69CC1B82E}"
EndProject
Project("{9A19103F-16F7-4668-BE54-9A1E7A4F7556}") = "Models", "Models\Models.csproj", "{56D1E750-FF80-4A68-84B0-AE923C3CAFCD}"
EndProject
Global
	GlobalSection(SolutionConfigurationPlatforms) = preSolution
		Debug|Any CPU = Debug|Any CPU
		Debug|ARM = Debug|ARM
		Debug|iPhone = Debug|iPhone
		Debug|iPhoneSimulator = Debug|iPhoneSimulator
		Debug|x64 = Debug|x64
		Debug|x86 = Debug|x86
		Release|Any CPU = Release|Any CPU
		Release|ARM = Release|ARM
		Release|iPhone = Release|iPhone
		Release|iPhoneSimulator = Release|iPhoneSimulator
		Release|x64 = Release|x64
		Release|x86 = Release|x86
	EndGlobalSection
	GlobalSection(ProjectConfigurationPlatforms) = postSolution
		{E07040C5-7E0C-4FA9-B5D3-9108D54092F4}.Debug|Any CPU.ActiveCfg = Debug|Any CPU
		{E07040C5-7E0C-4FA9-B5D3-9108D54092F4}.Debug|Any CPU.Build.0 = Debug|Any CPU
		{E07040C5-7E0C-4FA9-B5D3-9108D54092F4}.Debug|Any CPU.Deploy.0 = Debug|Any CPU
		{E07040C5-7E0C-4FA9-B5D3-9108D54092F4}.Debug|ARM.ActiveCfg = Debug|Any CPU
		{E07040C5-7E0C-4FA9-B5D3-9108D54092F4}.Debug|ARM.Build.0 = Debug|Any CPU
		{E07040C5-7E0C-4FA9-B5D3-9108D54092F4}.Debug|ARM.Deploy.0 = Debug|Any CPU
		{E07040C5-7E0C-4FA9-B5D3-9108D54092F4}.Debug|iPhone.ActiveCfg = Debug|Any CPU
		{E07040C5-7E0C-4FA9-B5D3-9108D54092F4}.Debug|iPhone.Build.0 = Debug|Any CPU
		{E07040C5-7E0C-4FA9-B5D3-9108D54092F4}.Debug|iPhone.Deploy.0 = Debug|Any CPU
		{E07040C5-7E0C-4FA9-B5D3-9108D54092F4}.Debug|iPhoneSimulator.ActiveCfg = Debug|Any CPU
		{E07040C5-7E0C-4FA9-B5D3-9108D54092F4}.Debug|iPhoneSimulator.Build.0 = Debug|Any CPU
		{E07040C5-7E0C-4FA9-B5D3-9108D54092F4}.Debug|iPhoneSimulator.Deploy.0 = Debug|Any CPU
		{E07040C5-7E0C-4FA9-B5D3-9108D54092F4}.Debug|x64.ActiveCfg = Debug|Any CPU
		{E07040C5-7E0C-4FA9-B5D3-9108D54092F4}.Debug|x64.Build.0 = Debug|Any CPU
		{E07040C5-7E0C-4FA9-B5D3-9108D54092F4}.Debug|x64.Deploy.0 = Debug|Any CPU
		{E07040C5-7E0C-4FA9-B5D3-9108D54092F4}.Debug|x86.ActiveCfg = Debug|Any CPU
		{E07040C5-7E0C-4FA9-B5D3-9108D54092F4}.Debug|x86.Build.0 = Debug|Any CPU
		{E07040C5-7E0C-4FA9-B5D3-9108D54092F4}.Debug|x86.Deploy.0 = Debug|Any CPU
		{E07040C5-7E0C-4FA9-B5D3-9108D54092F4}.Release|Any CPU.ActiveCfg = Release|Any CPU
		{E07040C5-7E0C-4FA9-B5D3-9108D54092F4}.Release|Any CPU.Build.0 = Release|Any CPU
		{E07040C5-7E0C-4FA9-B5D3-9108D54092F4}.Release|Any CPU.Deploy.0 = Release|Any CPU
		{E07040C5-7E0C-4FA9-B5D3-9108D54092F4}.Release|ARM.ActiveCfg = Release|Any CPU
		{E07040C5-7E0C-4FA9-B5D3-9108D54092F4}.Release|ARM.Build.0 = Release|Any CPU
		{E07040C5-7E0C-4FA9-B5D3-9108D54092F4}.Release|ARM.Deploy.0 = Release|Any CPU
		{E07040C5-7E0C-4FA9-B5D3-9108D54092F4}.Release|iPhone.ActiveCfg = Release|Any CPU
		{E07040C5-7E0C-4FA9-B5D3-9108D54092F4}.Release|iPhone.Build.0 = Release|Any CPU
		{E07040C5-7E0C-4FA9-B5D3-9108D54092F4}.Release|iPhone.Deploy.0 = Release|Any CPU
		{E07040C5-7E0C-4FA9-B5D3-9108D54092F4}.Release|iPhoneSimulator.ActiveCfg = Release|Any CPU
		{E07040C5-7E0C-4FA9-B5D3-9108D54092F4}.Release|iPhoneSimulator.Build.0 = Release|Any CPU
		{E07040C5-7E0C-4FA9-B5D3-9108D54092F4}.Release|iPhoneSimulator.Deploy.0 = Release|Any CPU
		{E07040C5-7E0C-4FA9-B5D3-9108D54092F4}.Release|x64.ActiveCfg = Release|Any CPU
		{E07040C5-7E0C-4FA9-B5D3-9108D54092F4}.Release|x64.Build.0 = Release|Any CPU
		{E07040C5-7E0C-4FA9-B5D3-9108D54092F4}.Release|x64.Deploy.0 = Release|Any CPU
		{E07040C5-7E0C-4FA9-B5D3-9108D54092F4}.Release|x86.ActiveCfg = Release|Any CPU
		{E07040C5-7E0C-4FA9-B5D3-9108D54092F4}.Release|x86.Build.0 = Release|Any CPU
		{E07040C5-7E0C-4FA9-B5D3-9108D54092F4}.Release|x86.Deploy.0 = Release|Any CPU
		{6C398536-BEA0-46FF-A111-E3740C22D44D}.Debug|Any CPU.ActiveCfg = Debug|iPhone
		{6C398536-BEA0-46FF-A111-E3740C22D44D}.Debug|Any CPU.Build.0 = Debug|iPhone
		{6C398536-BEA0-46FF-A111-E3740C22D44D}.Debug|Any CPU.Deploy.0 = Debug|iPhone
		{6C398536-BEA0-46FF-A111-E3740C22D44D}.Debug|ARM.ActiveCfg = Debug|iPhone
		{6C398536-BEA0-46FF-A111-E3740C22D44D}.Debug|ARM.Build.0 = Debug|iPhone
		{6C398536-BEA0-46FF-A111-E3740C22D44D}.Debug|ARM.Deploy.0 = Debug|iPhone
		{6C398536-BEA0-46FF-A111-E3740C22D44D}.Debug|iPhone.ActiveCfg = Debug|iPhone
		{6C398536-BEA0-46FF-A111-E3740C22D44D}.Debug|iPhone.Build.0 = Debug|iPhone
		{6C398536-BEA0-46FF-A111-E3740C22D44D}.Debug|iPhone.Deploy.0 = Debug|iPhone
		{6C398536-BEA0-46FF-A111-E3740C22D44D}.Debug|iPhoneSimulator.ActiveCfg = Debug|iPhoneSimulator
		{6C398536-BEA0-46FF-A111-E3740C22D44D}.Debug|iPhoneSimulator.Build.0 = Debug|iPhoneSimulator
		{6C398536-BEA0-46FF-A111-E3740C22D44D}.Debug|iPhoneSimulator.Deploy.0 = Debug|iPhoneSimulator
		{6C398536-BEA0-46FF-A111-E3740C22D44D}.Debug|x64.ActiveCfg = Debug|iPhone
		{6C398536-BEA0-46FF-A111-E3740C22D44D}.Debug|x64.Build.0 = Debug|iPhone
		{6C398536-BEA0-46FF-A111-E3740C22D44D}.Debug|x64.Deploy.0 = Debug|iPhone
		{6C398536-BEA0-46FF-A111-E3740C22D44D}.Debug|x86.ActiveCfg = Debug|iPhone
		{6C398536-BEA0-46FF-A111-E3740C22D44D}.Debug|x86.Build.0 = Debug|iPhone
		{6C398536-BEA0-46FF-A111-E3740C22D44D}.Debug|x86.Deploy.0 = Debug|iPhone
		{6C398536-BEA0-46FF-A111-E3740C22D44D}.Release|Any CPU.ActiveCfg = Release|iPhone
		{6C398536-BEA0-46FF-A111-E3740C22D44D}.Release|Any CPU.Build.0 = Release|iPhone
		{6C398536-BEA0-46FF-A111-E3740C22D44D}.Release|Any CPU.Deploy.0 = Release|iPhone
		{6C398536-BEA0-46FF-A111-E3740C22D44D}.Release|ARM.ActiveCfg = Release|iPhone
		{6C398536-BEA0-46FF-A111-E3740C22D44D}.Release|ARM.Build.0 = Release|iPhone
		{6C398536-BEA0-46FF-A111-E3740C22D44D}.Release|ARM.Deploy.0 = Release|iPhone
		{6C398536-BEA0-46FF-A111-E3740C22D44D}.Release|iPhone.ActiveCfg = Release|iPhone
		{6C398536-BEA0-46FF-A111-E3740C22D44D}.Release|iPhone.Build.0 = Release|iPhone
		{6C398536-BEA0-46FF-A111-E3740C22D44D}.Release|iPhone.Deploy.0 = Release|iPhone
		{6C398536-BEA0-46FF-A111-E3740C22D44D}.Release|iPhoneSimulator.ActiveCfg = Release|iPhoneSimulator
		{6C398536-BEA0-46FF-A111-E3740C22D44D}.Release|iPhoneSimulator.Build.0 = Release|iPhoneSimulator
		{6C398536-BEA0-46FF-A111-E3740C22D44D}.Release|iPhoneSimulator.Deploy.0 = Release|iPhoneSimulator
		{6C398536-BEA0-46FF-A111-E3740C22D44D}.Release|x64.ActiveCfg = Release|iPhone
		{6C398536-BEA0-46FF-A111-E3740C22D44D}.Release|x64.Build.0 = Release|iPhone
		{6C398536-BEA0-46FF-A111-E3740C22D44D}.Release|x64.Deploy.0 = Release|iPhone
		{6C398536-BEA0-46FF-A111-E3740C22D44D}.Release|x86.ActiveCfg = Release|iPhone
		{6C398536-BEA0-46FF-A111-E3740C22D44D}.Release|x86.Build.0 = Release|iPhone
		{6C398536-BEA0-46FF-A111-E3740C22D44D}.Release|x86.Deploy.0 = Release|iPhone
		{20ACCA98-D93E-437F-A5CA-5F960332BE62}.Debug|Any CPU.ActiveCfg = Debug|Any CPU
		{20ACCA98-D93E-437F-A5CA-5F960332BE62}.Debug|Any CPU.Build.0 = Debug|Any CPU
		{20ACCA98-D93E-437F-A5CA-5F960332BE62}.Debug|Any CPU.Deploy.0 = Debug|Any CPU
		{20ACCA98-D93E-437F-A5CA-5F960332BE62}.Debug|ARM.ActiveCfg = Debug|Any CPU
		{20ACCA98-D93E-437F-A5CA-5F960332BE62}.Debug|ARM.Build.0 = Debug|Any CPU
		{20ACCA98-D93E-437F-A5CA-5F960332BE62}.Debug|ARM.Deploy.0 = Debug|Any CPU
		{20ACCA98-D93E-437F-A5CA-5F960332BE62}.Debug|iPhone.ActiveCfg = Debug|Any CPU
		{20ACCA98-D93E-437F-A5CA-5F960332BE62}.Debug|iPhone.Build.0 = Debug|Any CPU
		{20ACCA98-D93E-437F-A5CA-5F960332BE62}.Debug|iPhone.Deploy.0 = Debug|Any CPU
		{20ACCA98-D93E-437F-A5CA-5F960332BE62}.Debug|iPhoneSimulator.ActiveCfg = Debug|Any CPU
		{20ACCA98-D93E-437F-A5CA-5F960332BE62}.Debug|iPhoneSimulator.Build.0 = Debug|Any CPU
		{20ACCA98-D93E-437F-A5CA-5F960332BE62}.Debug|iPhoneSimulator.Deploy.0 = Debug|Any CPU
		{20ACCA98-D93E-437F-A5CA-5F960332BE62}.Debug|x64.ActiveCfg = Debug|Any CPU
		{20ACCA98-D93E-437F-A5CA-5F960332BE62}.Debug|x64.Build.0 = Debug|Any CPU
		{20ACCA98-D93E-437F-A5CA-5F960332BE62}.Debug|x64.Deploy.0 = Debug|Any CPU
		{20ACCA98-D93E-437F-A5CA-5F960332BE62}.Debug|x86.ActiveCfg = Debug|Any CPU
		{20ACCA98-D93E-437F-A5CA-5F960332BE62}.Debug|x86.Build.0 = Debug|Any CPU
		{20ACCA98-D93E-437F-A5CA-5F960332BE62}.Debug|x86.Deploy.0 = Debug|Any CPU
		{20ACCA98-D93E-437F-A5CA-5F960332BE62}.Release|Any CPU.ActiveCfg = Release|Any CPU
		{20ACCA98-D93E-437F-A5CA-5F960332BE62}.Release|Any CPU.Build.0 = Release|Any CPU
		{20ACCA98-D93E-437F-A5CA-5F960332BE62}.Release|Any CPU.Deploy.0 = Release|Any CPU
		{20ACCA98-D93E-437F-A5CA-5F960332BE62}.Release|ARM.ActiveCfg = Release|Any CPU
		{20ACCA98-D93E-437F-A5CA-5F960332BE62}.Release|ARM.Build.0 = Release|Any CPU
		{20ACCA98-D93E-437F-A5CA-5F960332BE62}.Release|ARM.Deploy.0 = Release|Any CPU
		{20ACCA98-D93E-437F-A5CA-5F960332BE62}.Release|iPhone.ActiveCfg = Release|Any CPU
		{20ACCA98-D93E-437F-A5CA-5F960332BE62}.Release|iPhone.Build.0 = Release|Any CPU
		{20ACCA98-D93E-437F-A5CA-5F960332BE62}.Release|iPhone.Deploy.0 = Release|Any CPU
		{20ACCA98-D93E-437F-A5CA-5F960332BE62}.Release|iPhoneSimulator.ActiveCfg = Release|Any CPU
		{20ACCA98-D93E-437F-A5CA-5F960332BE62}.Release|iPhoneSimulator.Build.0 = Release|Any CPU
		{20ACCA98-D93E-437F-A5CA-5F960332BE62}.Release|iPhoneSimulator.Deploy.0 = Release|Any CPU
		{20ACCA98-D93E-437F-A5CA-5F960332BE62}.Release|x64.ActiveCfg = Release|Any CPU
		{20ACCA98-D93E-437F-A5CA-5F960332BE62}.Release|x64.Build.0 = Release|Any CPU
		{20ACCA98-D93E-437F-A5CA-5F960332BE62}.Release|x64.Deploy.0 = Release|Any CPU
		{20ACCA98-D93E-437F-A5CA-5F960332BE62}.Release|x86.ActiveCfg = Release|Any CPU
		{20ACCA98-D93E-437F-A5CA-5F960332BE62}.Release|x86.Build.0 = Release|Any CPU
		{20ACCA98-D93E-437F-A5CA-5F960332BE62}.Release|x86.Deploy.0 = Release|Any CPU
		{ADBA0C07-547F-4212-8A66-84D69CC1B82E}.Debug|Any CPU.ActiveCfg = Debug|Any CPU
		{ADBA0C07-547F-4212-8A66-84D69CC1B82E}.Debug|Any CPU.Build.0 = Debug|Any CPU
		{ADBA0C07-547F-4212-8A66-84D69CC1B82E}.Debug|ARM.ActiveCfg = Debug|Any CPU
		{ADBA0C07-547F-4212-8A66-84D69CC1B82E}.Debug|ARM.Build.0 = Debug|Any CPU
		{ADBA0C07-547F-4212-8A66-84D69CC1B82E}.Debug|iPhone.ActiveCfg = Debug|Any CPU
		{ADBA0C07-547F-4212-8A66-84D69CC1B82E}.Debug|iPhone.Build.0 = Debug|Any CPU
		{ADBA0C07-547F-4212-8A66-84D69CC1B82E}.Debug|iPhoneSimulator.ActiveCfg = Debug|Any CPU
		{ADBA0C07-547F-4212-8A66-84D69CC1B82E}.Debug|iPhoneSimulator.Build.0 = Debug|Any CPU
		{ADBA0C07-547F-4212-8A66-84D69CC1B82E}.Debug|x64.ActiveCfg = Debug|Any CPU
		{ADBA0C07-547F-4212-8A66-84D69CC1B82E}.Debug|x64.Build.0 = Debug|Any CPU
		{ADBA0C07-547F-4212-8A66-84D69CC1B82E}.Debug|x86.ActiveCfg = Debug|Any CPU
		{ADBA0C07-547F-4212-8A66-84D69CC1B82E}.Debug|x86.Build.0 = Debug|Any CPU
		{ADBA0C07-547F-4212-8A66-84D69CC1B82E}.Release|Any CPU.ActiveCfg = Release|Any CPU
		{ADBA0C07-547F-4212-8A66-84D69CC1B82E}.Release|Any CPU.Build.0 = Release|Any CPU
		{ADBA0C07-547F-4212-8A66-84D69CC1B82E}.Release|ARM.ActiveCfg = Release|Any CPU
		{ADBA0C07-547F-4212-8A66-84D69CC1B82E}.Release|ARM.Build.0 = Release|Any CPU
		{ADBA0C07-547F-4212-8A66-84D69CC1B82E}.Release|iPhone.ActiveCfg = Release|Any CPU
		{ADBA0C07-547F-4212-8A66-84D69CC1B82E}.Release|iPhone.Build.0 = Release|Any CPU
		{ADBA0C07-547F-4212-8A66-84D69CC1B82E}.Release|iPhoneSimulator.ActiveCfg = Release|Any CPU
		{ADBA0C07-547F-4212-8A66-84D69CC1B82E}.Release|iPhoneSimulator.Build.0 = Release|Any CPU
		{ADBA0C07-547F-4212-8A66-84D69CC1B82E}.Release|x64.ActiveCfg = Release|Any CPU
		{ADBA0C07-547F-4212-8A66-84D69CC1B82E}.Release|x64.Build.0 = Release|Any CPU
		{ADBA0C07-547F-4212-8A66-84D69CC1B82E}.Release|x86.ActiveCfg = Release|Any CPU
		{ADBA0C07-547F-4212-8A66-84D69CC1B82E}.Release|x86.Build.0 = Release|Any CPU
		{56D1E750-FF80-4A68-84B0-AE923C3CAFCD}.Debug|Any CPU.ActiveCfg = Debug|Any CPU
		{56D1E750-FF80-4A68-84B0-AE923C3CAFCD}.Debug|Any CPU.Build.0 = Debug|Any CPU
		{56D1E750-FF80-4A68-84B0-AE923C3CAFCD}.Debug|ARM.ActiveCfg = Debug|Any CPU
		{56D1E750-FF80-4A68-84B0-AE923C3CAFCD}.Debug|ARM.Build.0 = Debug|Any CPU
		{56D1E750-FF80-4A68-84B0-AE923C3CAFCD}.Debug|iPhone.ActiveCfg = Debug|Any CPU
		{56D1E750-FF80-4A68-84B0-AE923C3CAFCD}.Debug|iPhone.Build.0 = Debug|Any CPU
		{56D1E750-FF80-4A68-84B0-AE923C3CAFCD}.Debug|iPhoneSimulator.ActiveCfg = Debug|Any CPU
		{56D1E750-FF80-4A68-84B0-AE923C3CAFCD}.Debug|iPhoneSimulator.Build.0 = Debug|Any CPU
		{56D1E750-FF80-4A68-84B0-AE923C3CAFCD}.Debug|x64.ActiveCfg = Debug|Any CPU
		{56D1E750-FF80-4A68-84B0-AE923C3CAFCD}.Debug|x64.Build.0 = Debug|Any CPU
		{56D1E750-FF80-4A68-84B0-AE923C3CAFCD}.Debug|x86.ActiveCfg = Debug|Any CPU
		{56D1E750-FF80-4A68-84B0-AE923C3CAFCD}.Debug|x86.Build.0 = Debug|Any CPU
		{56D1E750-FF80-4A68-84B0-AE923C3CAFCD}.Release|Any CPU.ActiveCfg = Release|Any CPU
		{56D1E750-FF80-4A68-84B0-AE923C3CAFCD}.Release|Any CPU.Build.0 = Release|Any CPU
		{56D1E750-FF80-4A68-84B0-AE923C3CAFCD}.Release|ARM.ActiveCfg = Release|Any CPU
		{56D1E750-FF80-4A68-84B0-AE923C3CAFCD}.Release|ARM.Build.0 = Release|Any CPU
		{56D1E750-FF80-4A68-84B0-AE923C3CAFCD}.Release|iPhone.ActiveCfg = Release|Any CPU
		{56D1E750-FF80-4A68-84B0-AE923C3CAFCD}.Release|iPhone.Build.0 = Release|Any CPU
		{56D1E750-FF80-4A68-84B0-AE923C3CAFCD}.Release|iPhoneSimulator.ActiveCfg = Release|Any CPU
		{56D1E750-FF80-4A68-84B0-AE923C3CAFCD}.Release|iPhoneSimulator.Build.0 = Release|Any CPU
		{56D1E750-FF80-4A68-84B0-AE923C3CAFCD}.Release|x64.ActiveCfg = Release|Any CPU
		{56D1E750-FF80-4A68-84B0-AE923C3CAFCD}.Release|x64.Build.0 = Release|Any CPU
		{56D1E750-FF80-4A68-84B0-AE923C3CAFCD}.Release|x86.ActiveCfg = Release|Any CPU
		{56D1E750-FF80-4A68-84B0-AE923C3CAFCD}.Release|x86.Build.0 = Release|Any CPU
	EndGlobalSection
	GlobalSection(SolutionProperties) = preSolution
		HideSolutionNode = FALSE
	EndGlobalSection
	GlobalSection(ExtensibilityGlobals) = postSolution
		SolutionGuid = {8F72E8E9-64ED-4965-8924-83FCE810FC82}
	EndGlobalSection
EndGlobal
